
Microsoft Visual Studio Solution File, Format Version 12.00
# Visual Studio Version 17
VisualStudioVersion = 17.14.36414.22 d17.14
MinimumVisualStudioVersion = 10.0.40219.1
Project("{FAE04EC0-301F-11D3-BF4B-00C04F79EFBC}") = "Hypesoft.API", "Hypesoft.API.csproj", "{898C8366-DFA7-44B8-909B-CF89D015CF25}"
EndProject
Global
	GlobalSection(SolutionConfigurationPlatforms) = preSolution
		Debug|Any CPU = Debug|Any CPU
		Release|Any CPU = Release|Any CPU
	EndGlobalSection
	GlobalSection(ProjectConfigurationPlatforms) = postSolution
		{898C8366-DFA7-44B8-909B-CF89D015CF25}.Debug|Any CPU.ActiveCfg = Debug|Any CPU
		{898C8366-DFA7-44B8-909B-CF89D015CF25}.Debug|Any CPU.Build.0 = Debug|Any CPU
		{898C8366-DFA7-44B8-909B-CF89D015CF25}.Release|Any CPU.ActiveCfg = Release|Any CPU
		{898C8366-DFA7-44B8-909B-CF89D015CF25}.Release|Any CPU.Build.0 = Release|Any CPU
	EndGlobalSection
	GlobalSection(SolutionProperties) = preSolution
		HideSolutionNode = FALSE
	EndGlobalSection
	GlobalSection(ExtensibilityGlobals) = postSolution
		SolutionGuid = {3A508A77-B942-4690-9790-D16CC12E4957}
	EndGlobalSection
EndGlobal
